
Microsoft Visual Studio Solution File, Format Version 12.00
# Visual Studio Version 17
VisualStudioVersion = 17.8.34511.84
MinimumVisualStudioVersion = 10.0.40219.1
Project("{FAE04EC0-301F-11D3-BF4B-00C04F79EFBC}") = "Calculator", "Calculator\Calculator.csproj", "{59F58645-8920-4C70-B07B-628EE24A1561}"
EndProject
Global
	GlobalSection(SolutionConfigurationPlatforms) = preSolution
		Debug|Any CPU = Debug|Any CPU
		Release|Any CPU = Release|Any CPU
	EndGlobalSection
	GlobalSection(ProjectConfigurationPlatforms) = postSolution
		{59F58645-8920-4C70-B07B-628EE24A1561}.Debug|Any CPU.ActiveCfg = Debug|Any CPU
		{59F58645-8920-4C70-B07B-628EE24A1561}.Debug|Any CPU.Build.0 = Debug|Any CPU
		{59F58645-8920-4C70-B07B-628EE24A1561}.Release|Any CPU.ActiveCfg = Release|Any CPU
		{59F58645-8920-4C70-B07B-628EE24A1561}.Release|Any CPU.Build.0 = Release|Any CPU
	EndGlobalSection
	GlobalSection(SolutionProperties) = preSolution
		HideSolutionNode = FALSE
	EndGlobalSection
	GlobalSection(ExtensibilityGlobals) = postSolution
		SolutionGuid = {635D735D-A5DE-40E9-8DF3-2B503B9863AB}
	EndGlobalSection
EndGlobal
